
Microsoft Visual Studio Solution File, Format Version 12.00
# Visual Studio Version 17
VisualStudioVersion = 17.14.36705.20
MinimumVisualStudioVersion = 10.0.40219.1
Project("{2150E333-8FDC-42A3-9474-1A3956D46DE8}") = "🚀 開發中", "🚀 開發中", "{A0000001-0000-0000-0000-000000000001}"
EndProject
Project("{FAE04EC0-301F-11D3-BF4B-00C04F79EFBC}") = "Stackdose.App.Monitor", "Stackdose.App.Monitor\Stackdose.App.Monitor.csproj", "{D1000001-0000-0000-0000-000000000001}"
EndProject
Project("{FAE04EC0-301F-11D3-BF4B-00C04F79EFBC}") = "Stackdose.Tools.MachinePageDesigner", "Stackdose.Tools.MachinePageDesigner\Stackdose.Tools.MachinePageDesigner.csproj", "{282E6333-E3C7-4AA4-8929-BA69C92C67FD}"
EndProject
Project("{FAE04EC0-301F-11D3-BF4B-00C04F79EFBC}") = "Stackdose.App.DesignRuntime", "Stackdose.App.DesignRuntime\Stackdose.App.DesignRuntime.csproj", "{A311CD92-ECF2-4CC2-80B3-9882D309924D}"
EndProject
Project("{FAE04EC0-301F-11D3-BF4B-00C04F79EFBC}") = "Stackdose.Tools.DesignViewer", "Stackdose.Tools.DesignViewer\Stackdose.Tools.DesignViewer.csproj", "{656757FC-966E-490D-8A76-C177DFC1652C}"
EndProject
Project("{2150E333-8FDC-42A3-9474-1A3956D46DE8}") = "🏗 框架與核心庫", "🏗 框架與核心庫", "{A0000002-0000-0000-0000-000000000002}"
EndProject
Project("{FAE04EC0-301F-11D3-BF4B-00C04F79EFBC}") = "Stackdose.UI.Core", "Stackdose.UI.Core\Stackdose.UI.Core.csproj", "{45B8429F-B530-4B17-9477-BBE36E386E09}"
EndProject
Project("{FAE04EC0-301F-11D3-BF4B-00C04F79EFBC}") = "Stackdose.UI.Templates", "Stackdose.UI.Templates\Stackdose.UI.Templates.csproj", "{9A4643B8-F26D-4213-1B84-C28BA0F9A8A0}"
EndProject
Project("{FAE04EC0-301F-11D3-BF4B-00C04F79EFBC}") = "Stackdose.App.ShellShared", "Stackdose.App.ShellShared\Stackdose.App.ShellShared.csproj", "{0B6441EE-4C8D-4083-1236-3BFE7AF39E7A}"
EndProject
Project("{FAE04EC0-301F-11D3-BF4B-00C04F79EFBC}") = "Stackdose.App.DeviceFramework", "Stackdose.App.DeviceFramework\Stackdose.App.DeviceFramework.csproj", "{8C56CF1C-CB8C-44C8-ACD5-651E3E770D61}"
EndProject
Project("{2150E333-8FDC-42A3-9474-1A3956D46DE8}") = "🧪 測試", "🧪 測試", "{A0000006-0000-0000-0000-000000000006}"
EndProject
Project("{FAE04EC0-301F-11D3-BF4B-00C04F79EFBC}") = "Stackdose.UI.Core.Tests", "Stackdose.UI.Core.Tests\Stackdose.UI.Core.Tests.csproj", "{C9000001-0000-0000-0000-000000000001}"
EndProject
Project("{2150E333-8FDC-42A3-9474-1A3956D46DE8}") = "🔧 工具（穩定）", "🔧 工具（穩定）", "{A0000003-0000-0000-0000-000000000003}"
EndProject
Project("{FAE04EC0-301F-11D3-BF4B-00C04F79EFBC}") = "Stackdose.Tools.ProjectGeneratorUI", "Stackdose.Tools.ProjectGeneratorUI\Stackdose.Tools.ProjectGeneratorUI.csproj", "{0FE9ACCE-8A4F-462D-9938-29C0B52315C7}"
EndProject
Project("{FAE04EC0-301F-11D3-BF4B-00C04F79EFBC}") = "Stackdose.Tools.ProjectGenerator", "Stackdose.Tools.ProjectGenerator\Stackdose.Tools.ProjectGenerator.csproj", "{49EB5E04-DDCA-7570-9BA5-D16193E57F91}"
EndProject
Project("{2150E333-8FDC-42A3-9474-1A3956D46DE8}") = "📚 參考實作", "📚 參考實作", "{A0000004-0000-0000-0000-000000000004}"
EndProject
Project("{FAE04EC0-301F-11D3-BF4B-00C04F79EFBC}") = "Stackdose.App.UbiDemo", "Stackdose.App.UbiDemo\Stackdose.App.UbiDemo.csproj", "{BABF4433-DE3E-4277-8CF9-6895FA211783}"
EndProject
Project("{2150E333-8FDC-42A3-9474-1A3956D46DE8}") = "⚙ 外部依賴 Platform", "⚙ 外部依賴 Platform", "{A0000005-0000-0000-0000-000000000005}"
EndProject
Project("{FAE04EC0-301F-11D3-BF4B-00C04F79EFBC}") = "Stackdose.Abstractions", "..\Stackdose.Platform\Stackdose.Abstractions\Stackdose.Abstractions.csproj", "{42A359B4-B96E-6F41-729B-E8E9655118B7}"
EndProject
Project("{FAE04EC0-301F-11D3-BF4B-00C04F79EFBC}") = "Stackdose.Core", "..\Stackdose.Platform\Stackdose.Core\Stackdose.Core.csproj", "{4AF2FF94-2D44-813E-8137-7730BB7BAD85}"
EndProject
Project("{FAE04EC0-301F-11D3-BF4B-00C04F79EFBC}") = "Stackdose.Hardware", "..\Stackdose.Platform\Stackdose.Hardware\Stackdose.Hardware.csproj", "{2C085A15-6152-AFEC-F925-676C705527D4}"
EndProject
Project("{FAE04EC0-301F-11D3-BF4B-00C04F79EFBC}") = "Stackdose.Plc", "..\Stackdose.Platform\Stackdose.Plc\Stackdose.Plc.csproj", "{AD27C021-4D83-4715-BF2F-02F4B8C2A771}"
EndProject
Project("{FAE04EC0-301F-11D3-BF4B-00C04F79EFBC}") = "Stackdose.PrintHead", "..\Stackdose.Platform\Stackdose.PrintHead\Stackdose.PrintHead.csproj", "{6D1AF2F1-BF31-7231-72EF-18823B146A70}"
EndProject
Project("{8BC9CEB8-8B4A-11D0-8D11-00A0C91BC942}") = "FeiyangWrapper", "..\Sdk\FeiyangWrapper\FeiyangWrapper\FeiyangWrapper.vcxproj", "{0EA55D76-D882-4C31-0F9D-32712C8F24C7}"
EndProject
Global
	GlobalSection(SolutionConfigurationPlatforms) = preSolution
		Debug|Any CPU = Debug|Any CPU
		Debug|x64 = Debug|x64
		Debug|x86 = Debug|x86
		Release|Any CPU = Release|Any CPU
		Release|x64 = Release|x64
		Release|x86 = Release|x86
	EndGlobalSection
	GlobalSection(ProjectConfigurationPlatforms) = postSolution
		{D1000001-0000-0000-0000-000000000001}.Debug|Any CPU.ActiveCfg = Debug|Any CPU
		{D1000001-0000-0000-0000-000000000001}.Debug|Any CPU.Build.0 = Debug|Any CPU
		{D1000001-0000-0000-0000-000000000001}.Debug|x64.ActiveCfg = Debug|Any CPU
		{D1000001-0000-0000-0000-000000000001}.Debug|x64.Build.0 = Debug|Any CPU
		{D1000001-0000-0000-0000-000000000001}.Debug|x86.ActiveCfg = Debug|Any CPU
		{D1000001-0000-0000-0000-000000000001}.Debug|x86.Build.0 = Debug|Any CPU
		{D1000001-0000-0000-0000-000000000001}.Release|Any CPU.ActiveCfg = Release|Any CPU
		{D1000001-0000-0000-0000-000000000001}.Release|Any CPU.Build.0 = Release|Any CPU
		{D1000001-0000-0000-0000-000000000001}.Release|x64.ActiveCfg = Release|Any CPU
		{D1000001-0000-0000-0000-000000000001}.Release|x64.Build.0 = Release|Any CPU
		{D1000001-0000-0000-0000-000000000001}.Release|x86.ActiveCfg = Release|Any CPU
		{D1000001-0000-0000-0000-000000000001}.Release|x86.Build.0 = Release|Any CPU
		{282E6333-E3C7-4AA4-8929-BA69C92C67FD}.Debug|Any CPU.ActiveCfg = Debug|Any CPU
		{282E6333-E3C7-4AA4-8929-BA69C92C67FD}.Debug|Any CPU.Build.0 = Debug|Any CPU
		{282E6333-E3C7-4AA4-8929-BA69C92C67FD}.Debug|x64.ActiveCfg = Debug|Any CPU
		{282E6333-E3C7-4AA4-8929-BA69C92C67FD}.Debug|x64.Build.0 = Debug|Any CPU
		{282E6333-E3C7-4AA4-8929-BA69C92C67FD}.Debug|x86.ActiveCfg = Debug|Any CPU
		{282E6333-E3C7-4AA4-8929-BA69C92C67FD}.Debug|x86.Build.0 = Debug|Any CPU
		{282E6333-E3C7-4AA4-8929-BA69C92C67FD}.Release|Any CPU.ActiveCfg = Release|Any CPU
		{282E6333-E3C7-4AA4-8929-BA69C92C67FD}.Release|Any CPU.Build.0 = Release|Any CPU
		{282E6333-E3C7-4AA4-8929-BA69C92C67FD}.Release|x64.ActiveCfg = Release|Any CPU
		{282E6333-E3C7-4AA4-8929-BA69C92C67FD}.Release|x64.Build.0 = Release|Any CPU
		{282E6333-E3C7-4AA4-8929-BA69C92C67FD}.Release|x86.ActiveCfg = Release|Any CPU
		{282E6333-E3C7-4AA4-8929-BA69C92C67FD}.Release|x86.Build.0 = Release|Any CPU
		{A311CD92-ECF2-4CC2-80B3-9882D309924D}.Debug|Any CPU.ActiveCfg = Debug|Any CPU
		{A311CD92-ECF2-4CC2-80B3-9882D309924D}.Debug|Any CPU.Build.0 = Debug|Any CPU
		{A311CD92-ECF2-4CC2-80B3-9882D309924D}.Debug|x64.ActiveCfg = Debug|Any CPU
		{A311CD92-ECF2-4CC2-80B3-9882D309924D}.Debug|x64.Build.0 = Debug|Any CPU
		{A311CD92-ECF2-4CC2-80B3-9882D309924D}.Debug|x86.ActiveCfg = Debug|Any CPU
		{A311CD92-ECF2-4CC2-80B3-9882D309924D}.Debug|x86.Build.0 = Debug|Any CPU
		{A311CD92-ECF2-4CC2-80B3-9882D309924D}.Release|Any CPU.ActiveCfg = Release|Any CPU
		{A311CD92-ECF2-4CC2-80B3-9882D309924D}.Release|Any CPU.Build.0 = Release|Any CPU
		{A311CD92-ECF2-4CC2-80B3-9882D309924D}.Release|x64.ActiveCfg = Release|Any CPU
		{A311CD92-ECF2-4CC2-80B3-9882D309924D}.Release|x64.Build.0 = Release|Any CPU
		{A311CD92-ECF2-4CC2-80B3-9882D309924D}.Release|x86.ActiveCfg = Release|Any CPU
		{A311CD92-ECF2-4CC2-80B3-9882D309924D}.Release|x86.Build.0 = Release|Any CPU
		{656757FC-966E-490D-8A76-C177DFC1652C}.Debug|Any CPU.ActiveCfg = Debug|Any CPU
		{656757FC-966E-490D-8A76-C177DFC1652C}.Debug|Any CPU.Build.0 = Debug|Any CPU
		{656757FC-966E-490D-8A76-C177DFC1652C}.Debug|x64.ActiveCfg = Debug|Any CPU
		{656757FC-966E-490D-8A76-C177DFC1652C}.Debug|x64.Build.0 = Debug|Any CPU
		{656757FC-966E-490D-8A76-C177DFC1652C}.Debug|x86.ActiveCfg = Debug|Any CPU
		{656757FC-966E-490D-8A76-C177DFC1652C}.Debug|x86.Build.0 = Debug|Any CPU
		{656757FC-966E-490D-8A76-C177DFC1652C}.Release|Any CPU.ActiveCfg = Release|Any CPU
		{656757FC-966E-490D-8A76-C177DFC1652C}.Release|Any CPU.Build.0 = Release|Any CPU
		{656757FC-966E-490D-8A76-C177DFC1652C}.Release|x64.ActiveCfg = Release|Any CPU
		{656757FC-966E-490D-8A76-C177DFC1652C}.Release|x64.Build.0 = Release|Any CPU
		{656757FC-966E-490D-8A76-C177DFC1652C}.Release|x86.ActiveCfg = Release|Any CPU
		{656757FC-966E-490D-8A76-C177DFC1652C}.Release|x86.Build.0 = Release|Any CPU
		{45B8429F-B530-4B17-9477-BBE36E386E09}.Debug|Any CPU.ActiveCfg = Debug|Any CPU
		{45B8429F-B530-4B17-9477-BBE36E386E09}.Debug|Any CPU.Build.0 = Debug|Any CPU
		{45B8429F-B530-4B17-9477-BBE36E386E09}.Debug|x64.ActiveCfg = Debug|Any CPU
		{45B8429F-B530-4B17-9477-BBE36E386E09}.Debug|x64.Build.0 = Debug|Any CPU
		{45B8429F-B530-4B17-9477-BBE36E386E09}.Debug|x86.ActiveCfg = Debug|Any CPU
		{45B8429F-B530-4B17-9477-BBE36E386E09}.Debug|x86.Build.0 = Debug|Any CPU
		{45B8429F-B530-4B17-9477-BBE36E386E09}.Release|Any CPU.ActiveCfg = Release|Any CPU
		{45B8429F-B530-4B17-9477-BBE36E386E09}.Release|Any CPU.Build.0 = Release|Any CPU
		{45B8429F-B530-4B17-9477-BBE36E386E09}.Release|x64.ActiveCfg = Release|Any CPU
		{45B8429F-B530-4B17-9477-BBE36E386E09}.Release|x64.Build.0 = Release|Any CPU
		{45B8429F-B530-4B17-9477-BBE36E386E09}.Release|x86.ActiveCfg = Release|Any CPU
		{45B8429F-B530-4B17-9477-BBE36E386E09}.Release|x86.Build.0 = Release|Any CPU
		{9A4643B8-F26D-4213-1B84-C28BA0F9A8A0}.Debug|Any CPU.ActiveCfg = Debug|Any CPU
		{9A4643B8-F26D-4213-1B84-C28BA0F9A8A0}.Debug|Any CPU.Build.0 = Debug|Any CPU
		{9A4643B8-F26D-4213-1B84-C28BA0F9A8A0}.Debug|x64.ActiveCfg = Debug|Any CPU
		{9A4643B8-F26D-4213-1B84-C28BA0F9A8A0}.Debug|x64.Build.0 = Debug|Any CPU
		{9A4643B8-F26D-4213-1B84-C28BA0F9A8A0}.Debug|x86.ActiveCfg = Debug|Any CPU
		{9A4643B8-F26D-4213-1B84-C28BA0F9A8A0}.Debug|x86.Build.0 = Debug|Any CPU
		{9A4643B8-F26D-4213-1B84-C28BA0F9A8A0}.Release|Any CPU.ActiveCfg = Release|Any CPU
		{9A4643B8-F26D-4213-1B84-C28BA0F9A8A0}.Release|Any CPU.Build.0 = Release|Any CPU
		{9A4643B8-F26D-4213-1B84-C28BA0F9A8A0}.Release|x64.ActiveCfg = Release|Any CPU
		{9A4643B8-F26D-4213-1B84-C28BA0F9A8A0}.Release|x64.Build.0 = Release|Any CPU
		{9A4643B8-F26D-4213-1B84-C28BA0F9A8A0}.Release|x86.ActiveCfg = Release|Any CPU
		{9A4643B8-F26D-4213-1B84-C28BA0F9A8A0}.Release|x86.Build.0 = Release|Any CPU
		{0B6441EE-4C8D-4083-1236-3BFE7AF39E7A}.Debug|Any CPU.ActiveCfg = Debug|Any CPU
		{0B6441EE-4C8D-4083-1236-3BFE7AF39E7A}.Debug|Any CPU.Build.0 = Debug|Any CPU
		{0B6441EE-4C8D-4083-1236-3BFE7AF39E7A}.Debug|x64.ActiveCfg = Debug|Any CPU
		{0B6441EE-4C8D-4083-1236-3BFE7AF39E7A}.Debug|x64.Build.0 = Debug|Any CPU
		{0B6441EE-4C8D-4083-1236-3BFE7AF39E7A}.Debug|x86.ActiveCfg = Debug|Any CPU
		{0B6441EE-4C8D-4083-1236-3BFE7AF39E7A}.Debug|x86.Build.0 = Debug|Any CPU
		{0B6441EE-4C8D-4083-1236-3BFE7AF39E7A}.Release|Any CPU.ActiveCfg = Release|Any CPU
		{0B6441EE-4C8D-4083-1236-3BFE7AF39E7A}.Release|Any CPU.Build.0 = Release|Any CPU
		{0B6441EE-4C8D-4083-1236-3BFE7AF39E7A}.Release|x64.ActiveCfg = Release|Any CPU
		{0B6441EE-4C8D-4083-1236-3BFE7AF39E7A}.Release|x64.Build.0 = Release|Any CPU
		{0B6441EE-4C8D-4083-1236-3BFE7AF39E7A}.Release|x86.ActiveCfg = Release|Any CPU
		{0B6441EE-4C8D-4083-1236-3BFE7AF39E7A}.Release|x86.Build.0 = Release|Any CPU
		{8C56CF1C-CB8C-44C8-ACD5-651E3E770D61}.Debug|Any CPU.ActiveCfg = Debug|Any CPU
		{8C56CF1C-CB8C-44C8-ACD5-651E3E770D61}.Debug|Any CPU.Build.0 = Debug|Any CPU
		{8C56CF1C-CB8C-44C8-ACD5-651E3E770D61}.Debug|x64.ActiveCfg = Debug|Any CPU
		{8C56CF1C-CB8C-44C8-ACD5-651E3E770D61}.Debug|x64.Build.0 = Debug|Any CPU
		{8C56CF1C-CB8C-44C8-ACD5-651E3E770D61}.Debug|x86.ActiveCfg = Debug|Any CPU
		{8C56CF1C-CB8C-44C8-ACD5-651E3E770D61}.Debug|x86.Build.0 = Debug|Any CPU
		{8C56CF1C-CB8C-44C8-ACD5-651E3E770D61}.Release|Any CPU.ActiveCfg = Release|Any CPU
		{8C56CF1C-CB8C-44C8-ACD5-651E3E770D61}.Release|Any CPU.Build.0 = Release|Any CPU
		{8C56CF1C-CB8C-44C8-ACD5-651E3E770D61}.Release|x64.ActiveCfg = Release|Any CPU
		{8C56CF1C-CB8C-44C8-ACD5-651E3E770D61}.Release|x64.Build.0 = Release|Any CPU
		{8C56CF1C-CB8C-44C8-ACD5-651E3E770D61}.Release|x86.ActiveCfg = Release|Any CPU
		{8C56CF1C-CB8C-44C8-ACD5-651E3E770D61}.Release|x86.Build.0 = Release|Any CPU
		{C9000001-0000-0000-0000-000000000001}.Debug|Any CPU.ActiveCfg = Debug|Any CPU
		{C9000001-0000-0000-0000-000000000001}.Debug|Any CPU.Build.0 = Debug|Any CPU
		{C9000001-0000-0000-0000-000000000001}.Debug|x64.ActiveCfg = Debug|Any CPU
		{C9000001-0000-0000-0000-000000000001}.Debug|x64.Build.0 = Debug|Any CPU
		{C9000001-0000-0000-0000-000000000001}.Debug|x86.ActiveCfg = Debug|Any CPU
		{C9000001-0000-0000-0000-000000000001}.Debug|x86.Build.0 = Debug|Any CPU
		{C9000001-0000-0000-0000-000000000001}.Release|Any CPU.ActiveCfg = Release|Any CPU
		{C9000001-0000-0000-0000-000000000001}.Release|Any CPU.Build.0 = Release|Any CPU
		{C9000001-0000-0000-0000-000000000001}.Release|x64.ActiveCfg = Release|Any CPU
		{C9000001-0000-0000-0000-000000000001}.Release|x64.Build.0 = Release|Any CPU
		{C9000001-0000-0000-0000-000000000001}.Release|x86.ActiveCfg = Release|Any CPU
		{C9000001-0000-0000-0000-000000000001}.Release|x86.Build.0 = Release|Any CPU
		{0FE9ACCE-8A4F-462D-9938-29C0B52315C7}.Debug|Any CPU.ActiveCfg = Debug|Any CPU
		{0FE9ACCE-8A4F-462D-9938-29C0B52315C7}.Debug|Any CPU.Build.0 = Debug|Any CPU
		{0FE9ACCE-8A4F-462D-9938-29C0B52315C7}.Debug|x64.ActiveCfg = Debug|Any CPU
		{0FE9ACCE-8A4F-462D-9938-29C0B52315C7}.Debug|x64.Build.0 = Debug|Any CPU
		{0FE9ACCE-8A4F-462D-9938-29C0B52315C7}.Debug|x86.ActiveCfg = Debug|Any CPU
		{0FE9ACCE-8A4F-462D-9938-29C0B52315C7}.Debug|x86.Build.0 = Debug|Any CPU
		{0FE9ACCE-8A4F-462D-9938-29C0B52315C7}.Release|Any CPU.ActiveCfg = Release|Any CPU
		{0FE9ACCE-8A4F-462D-9938-29C0B52315C7}.Release|Any CPU.Build.0 = Release|Any CPU
		{0FE9ACCE-8A4F-462D-9938-29C0B52315C7}.Release|x64.ActiveCfg = Release|Any CPU
		{0FE9ACCE-8A4F-462D-9938-29C0B52315C7}.Release|x64.Build.0 = Release|Any CPU
		{0FE9ACCE-8A4F-462D-9938-29C0B52315C7}.Release|x86.ActiveCfg = Release|Any CPU
		{0FE9ACCE-8A4F-462D-9938-29C0B52315C7}.Release|x86.Build.0 = Release|Any CPU
		{49EB5E04-DDCA-7570-9BA5-D16193E57F91}.Debug|Any CPU.ActiveCfg = Debug|Any CPU
		{49EB5E04-DDCA-7570-9BA5-D16193E57F91}.Debug|Any CPU.Build.0 = Debug|Any CPU
		{49EB5E04-DDCA-7570-9BA5-D16193E57F91}.Debug|x64.ActiveCfg = Debug|Any CPU
		{49EB5E04-DDCA-7570-9BA5-D16193E57F91}.Debug|x64.Build.0 = Debug|Any CPU
		{49EB5E04-DDCA-7570-9BA5-D16193E57F91}.Debug|x86.ActiveCfg = Debug|Any CPU
		{49EB5E04-DDCA-7570-9BA5-D16193E57F91}.Debug|x86.Build.0 = Debug|Any CPU
		{49EB5E04-DDCA-7570-9BA5-D16193E57F91}.Release|Any CPU.ActiveCfg = Release|Any CPU
		{49EB5E04-DDCA-7570-9BA5-D16193E57F91}.Release|Any CPU.Build.0 = Release|Any CPU
		{49EB5E04-DDCA-7570-9BA5-D16193E57F91}.Release|x64.ActiveCfg = Release|Any CPU
		{49EB5E04-DDCA-7570-9BA5-D16193E57F91}.Release|x64.Build.0 = Release|Any CPU
		{49EB5E04-DDCA-7570-9BA5-D16193E57F91}.Release|x86.ActiveCfg = Release|Any CPU
		{49EB5E04-DDCA-7570-9BA5-D16193E57F91}.Release|x86.Build.0 = Release|Any CPU
		{BABF4433-DE3E-4277-8CF9-6895FA211783}.Debug|Any CPU.ActiveCfg = Debug|Any CPU
		{BABF4433-DE3E-4277-8CF9-6895FA211783}.Debug|Any CPU.Build.0 = Debug|Any CPU
		{BABF4433-DE3E-4277-8CF9-6895FA211783}.Debug|x64.ActiveCfg = Debug|Any CPU
		{BABF4433-DE3E-4277-8CF9-6895FA211783}.Debug|x64.Build.0 = Debug|Any CPU
		{BABF4433-DE3E-4277-8CF9-6895FA211783}.Debug|x86.ActiveCfg = Debug|Any CPU
		{BABF4433-DE3E-4277-8CF9-6895FA211783}.Debug|x86.Build.0 = Debug|Any CPU
		{BABF4433-DE3E-4277-8CF9-6895FA211783}.Release|Any CPU.ActiveCfg = Release|Any CPU
		{BABF4433-DE3E-4277-8CF9-6895FA211783}.Release|Any CPU.Build.0 = Release|Any CPU
		{BABF4433-DE3E-4277-8CF9-6895FA211783}.Release|x64.ActiveCfg = Release|Any CPU
		{BABF4433-DE3E-4277-8CF9-6895FA211783}.Release|x64.Build.0 = Release|Any CPU
		{BABF4433-DE3E-4277-8CF9-6895FA211783}.Release|x86.ActiveCfg = Release|Any CPU
		{BABF4433-DE3E-4277-8CF9-6895FA211783}.Release|x86.Build.0 = Release|Any CPU
		{42A359B4-B96E-6F41-729B-E8E9655118B7}.Debug|Any CPU.ActiveCfg = Debug|Any CPU
		{42A359B4-B96E-6F41-729B-E8E9655118B7}.Debug|Any CPU.Build.0 = Debug|Any CPU
		{42A359B4-B96E-6F41-729B-E8E9655118B7}.Debug|x64.ActiveCfg = Debug|Any CPU
		{42A359B4-B96E-6F41-729B-E8E9655118B7}.Debug|x64.Build.0 = Debug|Any CPU
		{42A359B4-B96E-6F41-729B-E8E9655118B7}.Debug|x86.ActiveCfg = Debug|Any CPU
		{42A359B4-B96E-6F41-729B-E8E9655118B7}.Debug|x86.Build.0 = Debug|Any CPU
		{42A359B4-B96E-6F41-729B-E8E9655118B7}.Release|Any CPU.ActiveCfg = Release|Any CPU
		{42A359B4-B96E-6F41-729B-E8E9655118B7}.Release|Any CPU.Build.0 = Release|Any CPU
		{42A359B4-B96E-6F41-729B-E8E9655118B7}.Release|x64.ActiveCfg = Release|Any CPU
		{42A359B4-B96E-6F41-729B-E8E9655118B7}.Release|x64.Build.0 = Release|Any CPU
		{42A359B4-B96E-6F41-729B-E8E9655118B7}.Release|x86.ActiveCfg = Release|Any CPU
		{42A359B4-B96E-6F41-729B-E8E9655118B7}.Release|x86.Build.0 = Release|Any CPU
		{4AF2FF94-2D44-813E-8137-7730BB7BAD85}.Debug|Any CPU.ActiveCfg = Debug|Any CPU
		{4AF2FF94-2D44-813E-8137-7730BB7BAD85}.Debug|Any CPU.Build.0 = Debug|Any CPU
		{4AF2FF94-2D44-813E-8137-7730BB7BAD85}.Debug|x64.ActiveCfg = Debug|Any CPU
		{4AF2FF94-2D44-813E-8137-7730BB7BAD85}.Debug|x64.Build.0 = Debug|Any CPU
		{4AF2FF94-2D44-813E-8137-7730BB7BAD85}.Debug|x86.ActiveCfg = Debug|Any CPU
		{4AF2FF94-2D44-813E-8137-7730BB7BAD85}.Debug|x86.Build.0 = Debug|Any CPU
		{4AF2FF94-2D44-813E-8137-7730BB7BAD85}.Release|Any CPU.ActiveCfg = Release|Any CPU
		{4AF2FF94-2D44-813E-8137-7730BB7BAD85}.Release|Any CPU.Build.0 = Release|Any CPU
		{4AF2FF94-2D44-813E-8137-7730BB7BAD85}.Release|x64.ActiveCfg = Release|Any CPU
		{4AF2FF94-2D44-813E-8137-7730BB7BAD85}.Release|x64.Build.0 = Release|Any CPU
		{4AF2FF94-2D44-813E-8137-7730BB7BAD85}.Release|x86.ActiveCfg = Release|Any CPU
		{4AF2FF94-2D44-813E-8137-7730BB7BAD85}.Release|x86.Build.0 = Release|Any CPU
		{2C085A15-6152-AFEC-F925-676C705527D4}.Debug|Any CPU.ActiveCfg = Debug|Any CPU
		{2C085A15-6152-AFEC-F925-676C705527D4}.Debug|Any CPU.Build.0 = Debug|Any CPU
		{2C085A15-6152-AFEC-F925-676C705527D4}.Debug|x64.ActiveCfg = Debug|Any CPU
		{2C085A15-6152-AFEC-F925-676C705527D4}.Debug|x64.Build.0 = Debug|Any CPU
		{2C085A15-6152-AFEC-F925-676C705527D4}.Debug|x86.ActiveCfg = Debug|Any CPU
		{2C085A15-6152-AFEC-F925-676C705527D4}.Debug|x86.Build.0 = Debug|Any CPU
		{2C085A15-6152-AFEC-F925-676C705527D4}.Release|Any CPU.ActiveCfg = Release|Any CPU
		{2C085A15-6152-AFEC-F925-676C705527D4}.Release|Any CPU.Build.0 = Release|Any CPU
		{2C085A15-6152-AFEC-F925-676C705527D4}.Release|x64.ActiveCfg = Release|Any CPU
		{2C085A15-6152-AFEC-F925-676C705527D4}.Release|x64.Build.0 = Release|Any CPU
		{2C085A15-6152-AFEC-F925-676C705527D4}.Release|x86.ActiveCfg = Release|Any CPU
		{2C085A15-6152-AFEC-F925-676C705527D4}.Release|x86.Build.0 = Release|Any CPU
		{AD27C021-4D83-4715-BF2F-02F4B8C2A771}.Debug|Any CPU.ActiveCfg = Debug|Any CPU
		{AD27C021-4D83-4715-BF2F-02F4B8C2A771}.Debug|Any CPU.Build.0 = Debug|Any CPU
		{AD27C021-4D83-4715-BF2F-02F4B8C2A771}.Debug|x64.ActiveCfg = Debug|Any CPU
		{AD27C021-4D83-4715-BF2F-02F4B8C2A771}.Debug|x64.Build.0 = Debug|Any CPU
		{AD27C021-4D83-4715-BF2F-02F4B8C2A771}.Debug|x86.ActiveCfg = Debug|Any CPU
		{AD27C021-4D83-4715-BF2F-02F4B8C2A771}.Debug|x86.Build.0 = Debug|Any CPU
		{AD27C021-4D83-4715-BF2F-02F4B8C2A771}.Release|Any CPU.ActiveCfg = Release|Any CPU
		{AD27C021-4D83-4715-BF2F-02F4B8C2A771}.Release|Any CPU.Build.0 = Release|Any CPU
		{AD27C021-4D83-4715-BF2F-02F4B8C2A771}.Release|x64.ActiveCfg = Release|Any CPU
		{AD27C021-4D83-4715-BF2F-02F4B8C2A771}.Release|x64.Build.0 = Release|Any CPU
		{AD27C021-4D83-4715-BF2F-02F4B8C2A771}.Release|x86.ActiveCfg = Release|Any CPU
		{AD27C021-4D83-4715-BF2F-02F4B8C2A771}.Release|x86.Build.0 = Release|Any CPU
		{6D1AF2F1-BF31-7231-72EF-18823B146A70}.Debug|Any CPU.ActiveCfg = Debug|Any CPU
		{6D1AF2F1-BF31-7231-72EF-18823B146A70}.Debug|Any CPU.Build.0 = Debug|Any CPU
		{6D1AF2F1-BF31-7231-72EF-18823B146A70}.Debug|x64.ActiveCfg = Debug|Any CPU
		{6D1AF2F1-BF31-7231-72EF-18823B146A70}.Debug|x64.Build.0 = Debug|Any CPU
		{6D1AF2F1-BF31-7231-72EF-18823B146A70}.Debug|x86.ActiveCfg = Debug|Any CPU
		{6D1AF2F1-BF31-7231-72EF-18823B146A70}.Debug|x86.Build.0 = Debug|Any CPU
		{6D1AF2F1-BF31-7231-72EF-18823B146A70}.Release|Any CPU.ActiveCfg = Release|Any CPU
		{6D1AF2F1-BF31-7231-72EF-18823B146A70}.Release|Any CPU.Build.0 = Release|Any CPU
		{6D1AF2F1-BF31-7231-72EF-18823B146A70}.Release|x64.ActiveCfg = Release|Any CPU
		{6D1AF2F1-BF31-7231-72EF-18823B146A70}.Release|x64.Build.0 = Release|Any CPU
		{6D1AF2F1-BF31-7231-72EF-18823B146A70}.Release|x86.ActiveCfg = Release|Any CPU
		{6D1AF2F1-BF31-7231-72EF-18823B146A70}.Release|x86.Build.0 = Release|Any CPU
		{0EA55D76-D882-4C31-0F9D-32712C8F24C7}.Debug|Any CPU.ActiveCfg = Debug|x64
		{0EA55D76-D882-4C31-0F9D-32712C8F24C7}.Debug|Any CPU.Build.0 = Debug|x64
		{0EA55D76-D882-4C31-0F9D-32712C8F24C7}.Debug|x64.ActiveCfg = Debug|x64
		{0EA55D76-D882-4C31-0F9D-32712C8F24C7}.Debug|x64.Build.0 = Debug|x64
		{0EA55D76-D882-4C31-0F9D-32712C8F24C7}.Debug|x86.ActiveCfg = Debug|Win32
		{0EA55D76-D882-4C31-0F9D-32712C8F24C7}.Debug|x86.Build.0 = Debug|Win32
		{0EA55D76-D882-4C31-0F9D-32712C8F24C7}.Release|Any CPU.ActiveCfg = Release|x64
		{0EA55D76-D882-4C31-0F9D-32712C8F24C7}.Release|Any CPU.Build.0 = Release|x64
		{0EA55D76-D882-4C31-0F9D-32712C8F24C7}.Release|x64.ActiveCfg = Release|x64
		{0EA55D76-D882-4C31-0F9D-32712C8F24C7}.Release|x64.Build.0 = Release|x64
		{0EA55D76-D882-4C31-0F9D-32712C8F24C7}.Release|x86.ActiveCfg = Release|Win32
		{0EA55D76-D882-4C31-0F9D-32712C8F24C7}.Release|x86.Build.0 = Release|Win32
	EndGlobalSection
	GlobalSection(SolutionProperties) = preSolution
		HideSolutionNode = FALSE
	EndGlobalSection
	GlobalSection(NestedProjects) = preSolution
		{282E6333-E3C7-4AA4-8929-BA69C92C67FD} = {A0000001-0000-0000-0000-000000000001}
		{A311CD92-ECF2-4CC2-80B3-9882D309924D} = {A0000001-0000-0000-0000-000000000001}
		{656757FC-966E-490D-8A76-C177DFC1652C} = {A0000001-0000-0000-0000-000000000001}
		{45B8429F-B530-4B17-9477-BBE36E386E09} = {A0000002-0000-0000-0000-000000000002}
		{9A4643B8-F26D-4213-1B84-C28BA0F9A8A0} = {A0000002-0000-0000-0000-000000000002}
		{0B6441EE-4C8D-4083-1236-3BFE7AF39E7A} = {A0000002-0000-0000-0000-000000000002}
		{8C56CF1C-CB8C-44C8-ACD5-651E3E770D61} = {A0000002-0000-0000-0000-000000000002}
		{C9000001-0000-0000-0000-000000000001} = {A0000006-0000-0000-0000-000000000006}
		{0FE9ACCE-8A4F-462D-9938-29C0B52315C7} = {A0000003-0000-0000-0000-000000000003}
		{49EB5E04-DDCA-7570-9BA5-D16193E57F91} = {A0000003-0000-0000-0000-000000000003}
		{BABF4433-DE3E-4277-8CF9-6895FA211783} = {A0000004-0000-0000-0000-000000000004}
		{42A359B4-B96E-6F41-729B-E8E9655118B7} = {A0000005-0000-0000-0000-000000000005}
		{4AF2FF94-2D44-813E-8137-7730BB7BAD85} = {A0000005-0000-0000-0000-000000000005}
		{2C085A15-6152-AFEC-F925-676C705527D4} = {A0000005-0000-0000-0000-000000000005}
		{AD27C021-4D83-4715-BF2F-02F4B8C2A771} = {A0000005-0000-0000-0000-000000000005}
		{6D1AF2F1-BF31-7231-72EF-18823B146A70} = {A0000005-0000-0000-0000-000000000005}
		{0EA55D76-D882-4C31-0F9D-32712C8F24C7} = {A0000005-0000-0000-0000-000000000005}
	EndGlobalSection
	GlobalSection(ExtensibilityGlobals) = postSolution
		{D1000001-0000-0000-0000-000000000001} = {A0000001-0000-0000-0000-000000000001}
		SolutionGuid = {8C32A5E8-A6CF-49BC-AFBF-CFF6B3027799}
	EndGlobalSection
EndGlobal
