
Microsoft Visual Studio Solution File, Format Version 12.00
# Visual Studio Version 17
VisualStudioVersion = 17.14.36705.20
MinimumVisualStudioVersion = 10.0.40219.1
Project("{FAE04EC0-301F-11D3-BF4B-00C04F79EFBC}") = "Stackdose.UI.Core", "Stackdose.UI.Core\Stackdose.UI.Core.csproj", "{45B8429F-B530-4B17-9477-BBE36E386E09}"
EndProject
Project("{FAE04EC0-301F-11D3-BF4B-00C04F79EFBC}") = "Stackdose.Core", "..\Stackdose.Platform\Stackdose.Core\Stackdose.Core.csproj", "{4AF2FF94-2D44-813E-8137-7730BB7BAD85}"
EndProject
Project("{FAE04EC0-301F-11D3-BF4B-00C04F79EFBC}") = "Stackdose.Hardware", "..\Stackdose.Platform\Stackdose.Hardware\Stackdose.Hardware.csproj", "{2C085A15-6152-AFEC-F925-676C705527D4}"
EndProject
Project("{FAE04EC0-301F-11D3-BF4B-00C04F79EFBC}") = "Stackdose.Abstractions", "..\Stackdose.Platform\Stackdose.Abstractions\Stackdose.Abstractions.csproj", "{42A359B4-B96E-6F41-729B-E8E9655118B7}"
EndProject
Project("{8BC9CEB8-8B4A-11D0-8D11-00A0C91BC942}") = "FeiyangWrapper", "..\Sdk\FeiyangWrapper\FeiyangWrapper\FeiyangWrapper.vcxproj", "{0EA55D76-D882-4C31-0F9D-32712C8F24C7}"
EndProject
Project("{FAE04EC0-301F-11D3-BF4B-00C04F79EFBC}") = "Stackdose.PrintHead", "..\Stackdose.Platform\Stackdose.PrintHead\Stackdose.PrintHead.csproj", "{6D1AF2F1-BF31-7231-72EF-18823B146A70}"
EndProject
Project("{FAE04EC0-301F-11D3-BF4B-00C04F79EFBC}") = "Stackdose.Plc", "..\Stackdose.Platform\Stackdose.Plc\Stackdose.Plc.csproj", "{AD27C021-4D83-4715-BF2F-02F4B8C2A771}"
EndProject
Project("{FAE04EC0-301F-11D3-BF4B-00C04F79EFBC}") = "Stackdose.UI.Templates", "Stackdose.UI.Templates\Stackdose.UI.Templates.csproj", "{9A4643B8-F26D-4213-1B84-C28BA0F9A8A0}"
EndProject
Global
	GlobalSection(SolutionConfigurationPlatforms) = preSolution
		Debug|Any CPU = Debug|Any CPU
		Debug|x64 = Debug|x64
		Debug|x86 = Debug|x86
		Release|Any CPU = Release|Any CPU
		Release|x64 = Release|x64
		Release|x86 = Release|x86
	EndGlobalSection
	GlobalSection(ProjectConfigurationPlatforms) = postSolution
		{45B8429F-B530-4B17-9477-BBE36E386E09}.Debug|Any CPU.ActiveCfg = Debug|Any CPU
		{45B8429F-B530-4B17-9477-BBE36E386E09}.Debug|Any CPU.Build.0 = Debug|Any CPU
		{45B8429F-B530-4B17-9477-BBE36E386E09}.Debug|x64.ActiveCfg = Debug|Any CPU
		{45B8429F-B530-4B17-9477-BBE36E386E09}.Debug|x64.Build.0 = Debug|Any CPU
		{45B8429F-B530-4B17-9477-BBE36E386E09}.Debug|x86.ActiveCfg = Debug|Any CPU
		{45B8429F-B530-4B17-9477-BBE36E386E09}.Debug|x86.Build.0 = Debug|Any CPU
		{45B8429F-B530-4B17-9477-BBE36E386E09}.Release|Any CPU.ActiveCfg = Release|Any CPU
		{45B8429F-B530-4B17-9477-BBE36E386E09}.Release|Any CPU.Build.0 = Release|Any CPU
		{45B8429F-B530-4B17-9477-BBE36E386E09}.Release|x64.ActiveCfg = Release|Any CPU
		{45B8429F-B530-4B17-9477-BBE36E386E09}.Release|x64.Build.0 = Release|Any CPU
		{45B8429F-B530-4B17-9477-BBE36E386E09}.Release|x86.ActiveCfg = Release|Any CPU
		{45B8429F-B530-4B17-9477-BBE36E386E09}.Release|x86.Build.0 = Release|Any CPU
		{4AF2FF94-2D44-813E-8137-7730BB7BAD85}.Debug|Any CPU.ActiveCfg = Debug|Any CPU
		{4AF2FF94-2D44-813E-8137-7730BB7BAD85}.Debug|Any CPU.Build.0 = Debug|Any CPU
		{4AF2FF94-2D44-813E-8137-7730BB7BAD85}.Debug|x64.ActiveCfg = Debug|Any CPU
		{4AF2FF94-2D44-813E-8137-7730BB7BAD85}.Debug|x64.Build.0 = Debug|Any CPU
		{4AF2FF94-2D44-813E-8137-7730BB7BAD85}.Debug|x86.ActiveCfg = Debug|Any CPU
		{4AF2FF94-2D44-813E-8137-7730BB7BAD85}.Debug|x86.Build.0 = Debug|Any CPU
		{4AF2FF94-2D44-813E-8137-7730BB7BAD85}.Release|Any CPU.ActiveCfg = Release|Any CPU
		{4AF2FF94-2D44-813E-8137-7730BB7BAD85}.Release|Any CPU.Build.0 = Release|Any CPU
		{4AF2FF94-2D44-813E-8137-7730BB7BAD85}.Release|x64.ActiveCfg = Release|Any CPU
		{4AF2FF94-2D44-813E-8137-7730BB7BAD85}.Release|x64.Build.0 = Release|Any CPU
		{4AF2FF94-2D44-813E-8137-7730BB7BAD85}.Release|x86.ActiveCfg = Release|Any CPU
		{4AF2FF94-2D44-813E-8137-7730BB7BAD85}.Release|x86.Build.0 = Release|Any CPU
		{2C085A15-6152-AFEC-F925-676C705527D4}.Debug|Any CPU.ActiveCfg = Debug|Any CPU
		{2C085A15-6152-AFEC-F925-676C705527D4}.Debug|Any CPU.Build.0 = Debug|Any CPU
		{2C085A15-6152-AFEC-F925-676C705527D4}.Debug|x64.ActiveCfg = Debug|Any CPU
		{2C085A15-6152-AFEC-F925-676C705527D4}.Debug|x64.Build.0 = Debug|Any CPU
		{2C085A15-6152-AFEC-F925-676C705527D4}.Debug|x86.ActiveCfg = Debug|Any CPU
		{2C085A15-6152-AFEC-F925-676C705527D4}.Debug|x86.Build.0 = Debug|Any CPU
		{2C085A15-6152-AFEC-F925-676C705527D4}.Release|Any CPU.ActiveCfg = Release|Any CPU
		{2C085A15-6152-AFEC-F925-676C705527D4}.Release|Any CPU.Build.0 = Release|Any CPU
		{2C085A15-6152-AFEC-F925-676C705527D4}.Release|x64.ActiveCfg = Release|Any CPU
		{2C085A15-6152-AFEC-F925-676C705527D4}.Release|x64.Build.0 = Release|Any CPU
		{2C085A15-6152-AFEC-F925-676C705527D4}.Release|x86.ActiveCfg = Release|Any CPU
		{2C085A15-6152-AFEC-F925-676C705527D4}.Release|x86.Build.0 = Release|Any CPU
		{42A359B4-B96E-6F41-729B-E8E9655118B7}.Debug|Any CPU.ActiveCfg = Debug|Any CPU
		{42A359B4-B96E-6F41-729B-E8E9655118B7}.Debug|Any CPU.Build.0 = Debug|Any CPU
		{42A359B4-B96E-6F41-729B-E8E9655118B7}.Debug|x64.ActiveCfg = Debug|Any CPU
		{42A359B4-B96E-6F41-729B-E8E9655118B7}.Debug|x64.Build.0 = Debug|Any CPU
		{42A359B4-B96E-6F41-729B-E8E9655118B7}.Debug|x86.ActiveCfg = Debug|Any CPU
		{42A359B4-B96E-6F41-729B-E8E9655118B7}.Debug|x86.Build.0 = Debug|Any CPU
		{42A359B4-B96E-6F41-729B-E8E9655118B7}.Release|Any CPU.ActiveCfg = Release|Any CPU
		{42A359B4-B96E-6F41-729B-E8E9655118B7}.Release|Any CPU.Build.0 = Release|Any CPU
		{42A359B4-B96E-6F41-729B-E8E9655118B7}.Release|x64.ActiveCfg = Release|Any CPU
		{42A359B4-B96E-6F41-729B-E8E9655118B7}.Release|x64.Build.0 = Release|Any CPU
		{42A359B4-B96E-6F41-729B-E8E9655118B7}.Release|x86.ActiveCfg = Release|Any CPU
		{42A359B4-B96E-6F41-729B-E8E9655118B7}.Release|x86.Build.0 = Release|Any CPU
		{0EA55D76-D882-4C31-0F9D-32712C8F24C7}.Debug|Any CPU.ActiveCfg = Debug|x64
		{0EA55D76-D882-4C31-0F9D-32712C8F24C7}.Debug|Any CPU.Build.0 = Debug|x64
		{0EA55D76-D882-4C31-0F9D-32712C8F24C7}.Debug|x64.ActiveCfg = Debug|x64
		{0EA55D76-D882-4C31-0F9D-32712C8F24C7}.Debug|x64.Build.0 = Debug|x64
		{0EA55D76-D882-4C31-0F9D-32712C8F24C7}.Debug|x86.ActiveCfg = Debug|Win32
		{0EA55D76-D882-4C31-0F9D-32712C8F24C7}.Debug|x86.Build.0 = Debug|Win32
		{0EA55D76-D882-4C31-0F9D-32712C8F24C7}.Release|Any CPU.ActiveCfg = Release|x64
		{0EA55D76-D882-4C31-0F9D-32712C8F24C7}.Release|Any CPU.Build.0 = Release|x64
		{0EA55D76-D882-4C31-0F9D-32712C8F24C7}.Release|x64.ActiveCfg = Release|x64
		{0EA55D76-D882-4C31-0F9D-32712C8F24C7}.Release|x64.Build.0 = Release|x64
		{0EA55D76-D882-4C31-0F9D-32712C8F24C7}.Release|x86.ActiveCfg = Release|Win32
		{0EA55D76-D882-4C31-0F9D-32712C8F24C7}.Release|x86.Build.0 = Release|Win32
		{6D1AF2F1-BF31-7231-72EF-18823B146A70}.Debug|Any CPU.ActiveCfg = Debug|Any CPU
		{6D1AF2F1-BF31-7231-72EF-18823B146A70}.Debug|Any CPU.Build.0 = Debug|Any CPU
		{6D1AF2F1-BF31-7231-72EF-18823B146A70}.Debug|x64.ActiveCfg = Debug|Any CPU
		{6D1AF2F1-BF31-7231-72EF-18823B146A70}.Debug|x64.Build.0 = Debug|Any CPU
		{6D1AF2F1-BF31-7231-72EF-18823B146A70}.Debug|x86.ActiveCfg = Debug|Any CPU
		{6D1AF2F1-BF31-7231-72EF-18823B146A70}.Debug|x86.Build.0 = Debug|Any CPU
		{6D1AF2F1-BF31-7231-72EF-18823B146A70}.Release|Any CPU.ActiveCfg = Release|Any CPU
		{6D1AF2F1-BF31-7231-72EF-18823B146A70}.Release|Any CPU.Build.0 = Release|Any CPU
		{6D1AF2F1-BF31-7231-72EF-18823B146A70}.Release|x64.ActiveCfg = Release|Any CPU
		{6D1AF2F1-BF31-7231-72EF-18823B146A70}.Release|x64.Build.0 = Release|Any CPU
		{6D1AF2F1-BF31-7231-72EF-18823B146A70}.Release|x86.ActiveCfg = Release|Any CPU
		{6D1AF2F1-BF31-7231-72EF-18823B146A70}.Release|x86.Build.0 = Release|Any CPU
		{AD27C021-4D83-4715-BF2F-02F4B8C2A771}.Debug|Any CPU.ActiveCfg = Debug|Any CPU
		{AD27C021-4D83-4715-BF2F-02F4B8C2A771}.Debug|Any CPU.Build.0 = Debug|Any CPU
		{AD27C021-4D83-4715-BF2F-02F4B8C2A771}.Debug|x64.ActiveCfg = Debug|Any CPU
		{AD27C021-4D83-4715-BF2F-02F4B8C2A771}.Debug|x64.Build.0 = Debug|Any CPU
		{AD27C021-4D83-4715-BF2F-02F4B8C2A771}.Debug|x86.ActiveCfg = Debug|Any CPU
		{AD27C021-4D83-4715-BF2F-02F4B8C2A771}.Debug|x86.Build.0 = Debug|Any CPU
		{AD27C021-4D83-4715-BF2F-02F4B8C2A771}.Release|Any CPU.ActiveCfg = Release|Any CPU
		{AD27C021-4D83-4715-BF2F-02F4B8C2A771}.Release|Any CPU.Build.0 = Release|Any CPU
		{AD27C021-4D83-4715-BF2F-02F4B8C2A771}.Release|x64.ActiveCfg = Release|Any CPU
		{AD27C021-4D83-4715-BF2F-02F4B8C2A771}.Release|x64.Build.0 = Release|Any CPU
		{AD27C021-4D83-4715-BF2F-02F4B8C2A771}.Release|x86.ActiveCfg = Release|Any CPU
		{AD27C021-4D83-4715-BF2F-02F4B8C2A771}.Release|x86.Build.0 = Release|Any CPU
		{9A4643B8-F26D-4213-1B84-C28BA0F9A8A0}.Debug|Any CPU.ActiveCfg = Debug|Any CPU
		{9A4643B8-F26D-4213-1B84-C28BA0F9A8A0}.Debug|Any CPU.Build.0 = Debug|Any CPU
		{9A4643B8-F26D-4213-1B84-C28BA0F9A8A0}.Debug|x64.ActiveCfg = Debug|Any CPU
		{9A4643B8-F26D-4213-1B84-C28BA0F9A8A0}.Debug|x64.Build.0 = Debug|Any CPU
		{9A4643B8-F26D-4213-1B84-C28BA0F9A8A0}.Debug|x86.ActiveCfg = Debug|Any CPU
		{9A4643B8-F26D-4213-1B84-C28BA0F9A8A0}.Debug|x86.Build.0 = Debug|Any CPU
		{9A4643B8-F26D-4213-1B84-C28BA0F9A8A0}.Release|Any CPU.ActiveCfg = Release|Any CPU
		{9A4643B8-F26D-4213-1B84-C28BA0F9A8A0}.Release|Any CPU.Build.0 = Release|Any CPU
		{9A4643B8-F26D-4213-1B84-C28BA0F9A8A0}.Release|x64.ActiveCfg = Release|Any CPU
		{9A4643B8-F26D-4213-1B84-C28BA0F9A8A0}.Release|x64.Build.0 = Release|Any CPU
		{9A4643B8-F26D-4213-1B84-C28BA0F9A8A0}.Release|x86.ActiveCfg = Release|Any CPU
		{9A4643B8-F26D-4213-1B84-C28BA0F9A8A0}.Release|x86.Build.0 = Release|Any CPU
	EndGlobalSection
	GlobalSection(SolutionProperties) = preSolution
		HideSolutionNode = FALSE
	EndGlobalSection
	GlobalSection(ExtensibilityGlobals) = postSolution
		SolutionGuid = {8C32A5E8-A6CF-49BC-AFBF-CFF6B3027799}
	EndGlobalSection
EndGlobal
